{
  "name": "demo-angular",
  "lockfileVersion": 3,
  "requires": true,
  "packages": {
    "": {
      "dependencies": {
        "@imagene.me/nativescript-highcharts": "file:../../dist/packages/nativescript-highcharts",
        "@imagene.me/nativescript-ox-button": "file:../../dist/packages/nativescript-ox-button",
        "@imagene.me/nativescript-toast": "file:../../dist/packages/nativescript-toast",
        "@nativescript/core": "file:../../node_modules/@nativescript/core"
      },
      "devDependencies": {
        "@nativescript/android": "~8.7.0",
        "@nativescript/ios": "~8.7.0"
      }
    },
    "../../dist/packages/nativescript-highcharts": {
      "name": "@imagene.me/nativescript-highcharts",
      "version": "3.0.0-dev.20240617-4",
      "license": "Apache-2.0"
    },
    "../../dist/packages/nativescript-ox-button": {
      "name": "@imagene.me/nativescript-ox-button",
      "version": "3.0.0-dev.20240611",
      "license": "Apache-2.0"
    },
    "../../dist/packages/nativescript-toast": {
      "name": "@imagene.me/nativescript-toast",
      "version": "2.0.2",
      "license": "MIT"
    },
    "../../node_modules/@nativescript/core": {
      "version": "8.7.2",
      "funding": [
        {
          "type": "opencollective",
          "url": "https://opencollective.com/NativeScript"
        },
        {
          "type": "github",
          "url": "https://github.com/sponsors/NativeScript"
        }
      ],
      "hasInstallScript": true,
      "license": "Apache-2.0",
      "dependencies": {
        "@nativescript/hook": "~2.0.0",
        "acorn": "^8.7.0",
        "css-tree": "^1.1.2",
        "emoji-regex": "^10.2.1",
        "reduce-css-calc": "^2.1.7",
        "tslib": "^2.0.0"
      }
    },
    "node_modules/@imagene.me/nativescript-highcharts": {
      "resolved": "../../dist/packages/nativescript-highcharts",
      "link": true
    },
    "node_modules/@imagene.me/nativescript-ox-button": {
      "resolved": "../../dist/packages/nativescript-ox-button",
      "link": true
    },
    "node_modules/@imagene.me/nativescript-toast": {
      "resolved": "../../dist/packages/nativescript-toast",
      "link": true
    },
    "node_modules/@nativescript/android": {
      "version": "8.7.0",
      "resolved": "https://registry.npmjs.org/@nativescript/android/-/android-8.7.0.tgz",
      "integrity": "sha512-8NEbCfeKYdOZiile8M/RSDWWcRmGMt4og5qS4RXYGhDfurfqMef7+aSSfnmosRTEn4OIHWfAZ9mbpOZjo0ANeg==",
      "dev": true
    },
    "node_modules/@nativescript/core": {
      "resolved": "../../node_modules/@nativescript/core",
      "link": true
    },
    "node_modules/@nativescript/ios": {
      "version": "8.7.2",
      "resolved": "https://registry.npmjs.org/@nativescript/ios/-/ios-8.7.2.tgz",
      "integrity": "sha512-z15f5EaZLm6RZEoXRw8J5hzuP1KcmWhZAlXNhtYqHn1npulUzFrcoNmGGhidKmTsLSBEvhRqBgzVyeFxr38iyw==",
      "dev": true
    }
  }
}
